
Microsoft Visual Studio Solution File, Format Version 12.00
# Visual Studio Version 17
VisualStudioVersion = 17.9.34310.174
MinimumVisualStudioVersion = 10.0.40219.1
Project("{FAE04EC0-301F-11D3-BF4B-00C04F79EFBC}") = "EasyDay", "EasyDay\EasyDay.csproj", "{40880CE6-8B15-4653-8739-FE525AF8D42A}"
EndProject
Global
	GlobalSection(SolutionConfigurationPlatforms) = preSolution
		Debug|Any CPU = Debug|Any CPU
		Release|Any CPU = Release|Any CPU
	EndGlobalSection
	GlobalSection(ProjectConfigurationPlatforms) = postSolution
		{40880CE6-8B15-4653-8739-FE525AF8D42A}.Debug|Any CPU.ActiveCfg = Debug|Any CPU
		{40880CE6-8B15-4653-8739-FE525AF8D42A}.Debug|Any CPU.Build.0 = Debug|Any CPU
		{40880CE6-8B15-4653-8739-FE525AF8D42A}.Release|Any CPU.ActiveCfg = Release|Any CPU
		{40880CE6-8B15-4653-8739-FE525AF8D42A}.Release|Any CPU.Build.0 = Release|Any CPU
	EndGlobalSection
	GlobalSection(SolutionProperties) = preSolution
		HideSolutionNode = FALSE
	EndGlobalSection
	GlobalSection(ExtensibilityGlobals) = postSolution
		SolutionGuid = {7908D85F-39FD-415E-8C1E-08E76776C442}
	EndGlobalSection
EndGlobal
